
Microsoft Visual Studio Solution File, Format Version 12.00
# Visual Studio 2013
VisualStudioVersion = 12.0.30324.0
MinimumVisualStudioVersion = 10.0.40219.1
Project("{2150E333-8FDC-42A3-9474-1A3956D46DE8}") = "Pipelines", "Pipelines", "{A4782F2A-17A6-4D65-A826-7AAC199E72E6}"
EndProject
Project("{2150E333-8FDC-42A3-9474-1A3956D46DE8}") = "Batch-Sequence", "Batch-Sequence", "{6E0C5A3B-8C1E-4B16-BE2D-B2D408B319F4}"
EndProject
Project("{FAE04EC0-301F-11D3-BF4B-00C04F79EFBC}") = "BasicPipeline", "Pipelines\Basic\BasicPipeline\BasicPipeline.csproj", "{74526B9E-33E6-4491-9DB2-311173EB8BCA}"
EndProject
Project("{FAE04EC0-301F-11D3-BF4B-00C04F79EFBC}") = "LINQPipeline", "Pipelines\Basic\LINQPipeline\LINQPipeline.csproj", "{9FAE9C78-FFFF-4738-A33C-C616A5ECCF65}"
EndProject
Project("{FAE04EC0-301F-11D3-BF4B-00C04F79EFBC}") = "RxPipeline", "Pipelines\Basic\RxPipeline\RxPipeline.csproj", "{2DBDA14D-796D-406E-A778-0111B6372F60}"
EndProject
Project("{2150E333-8FDC-42A3-9474-1A3956D46DE8}") = "MessagingPipelines", "MessagingPipelines", "{F1A90F40-9C7B-43DA-8A7F-18B1618FF3AB}"
EndProject
Project("{FAE04EC0-301F-11D3-BF4B-00C04F79EFBC}") = "MessagingPipelinePump", "Pipelines\Distributed\MessagingPipelinePump\MessagingPipelinePump.csproj", "{7C9C83ED-444A-4F3A-A201-6D96747390E3}"
EndProject
Project("{FAE04EC0-301F-11D3-BF4B-00C04F79EFBC}") = "MessagePipelines", "Pipelines\Distributed\MessagePipelines\MessagePipelines.csproj", "{1F781CB8-298B-4D74-A974-B29CA1163E74}"
EndProject
Project("{FAE04EC0-301F-11D3-BF4B-00C04F79EFBC}") = "MessagePipelineCircularShifter", "Pipelines\Distributed\MessagePipelineCircularShifter\MessagePipelineCircularShifter.csproj", "{12109AEF-A783-4151-8405-4540FB4F8873}"
EndProject
Project("{FAE04EC0-301F-11D3-BF4B-00C04F79EFBC}") = "MessagePipelineAlphabetizer", "Pipelines\Distributed\MessagePipelineAlphabetizer\MessagePipelineAlphabetizer.csproj", "{11091AB6-34CB-4450-B79C-B5BF743681C6}"
EndProject
Project("{FAE04EC0-301F-11D3-BF4B-00C04F79EFBC}") = "MessagePipelineSink", "Pipelines\Distributed\MessagePipelineSink\MessagePipelineSink.csproj", "{335A03D8-169F-4F51-A7B2-8A7EB782AA4F}"
EndProject
Project("{FAE04EC0-301F-11D3-BF4B-00C04F79EFBC}") = "ParallelPipeline", "Pipelines\Basic\ParallelPipeline\ParallelPipeline.csproj", "{358FAB2A-8DC9-47CB-955C-86BC6A40A0A7}"
EndProject
Project("{F2A71F9B-5D33-465A-A702-920D77279786}") = "FSharpPipeline", "FSharpPipeline\FSharpPipeline.fsproj", "{B4AD795B-8878-4D07-817D-66B28D41CED5}"
EndProject
Global
	GlobalSection(SolutionConfigurationPlatforms) = preSolution
		Debug|Any CPU = Debug|Any CPU
		Release|Any CPU = Release|Any CPU
	EndGlobalSection
	GlobalSection(ProjectConfigurationPlatforms) = postSolution
		{74526B9E-33E6-4491-9DB2-311173EB8BCA}.Debug|Any CPU.ActiveCfg = Debug|Any CPU
		{74526B9E-33E6-4491-9DB2-311173EB8BCA}.Debug|Any CPU.Build.0 = Debug|Any CPU
		{74526B9E-33E6-4491-9DB2-311173EB8BCA}.Release|Any CPU.ActiveCfg = Release|Any CPU
		{74526B9E-33E6-4491-9DB2-311173EB8BCA}.Release|Any CPU.Build.0 = Release|Any CPU
		{9FAE9C78-FFFF-4738-A33C-C616A5ECCF65}.Debug|Any CPU.ActiveCfg = Debug|Any CPU
		{9FAE9C78-FFFF-4738-A33C-C616A5ECCF65}.Debug|Any CPU.Build.0 = Debug|Any CPU
		{9FAE9C78-FFFF-4738-A33C-C616A5ECCF65}.Release|Any CPU.ActiveCfg = Release|Any CPU
		{9FAE9C78-FFFF-4738-A33C-C616A5ECCF65}.Release|Any CPU.Build.0 = Release|Any CPU
		{2DBDA14D-796D-406E-A778-0111B6372F60}.Debug|Any CPU.ActiveCfg = Debug|Any CPU
		{2DBDA14D-796D-406E-A778-0111B6372F60}.Debug|Any CPU.Build.0 = Debug|Any CPU
		{2DBDA14D-796D-406E-A778-0111B6372F60}.Release|Any CPU.ActiveCfg = Release|Any CPU
		{2DBDA14D-796D-406E-A778-0111B6372F60}.Release|Any CPU.Build.0 = Release|Any CPU
		{7C9C83ED-444A-4F3A-A201-6D96747390E3}.Debug|Any CPU.ActiveCfg = Debug|Any CPU
		{7C9C83ED-444A-4F3A-A201-6D96747390E3}.Debug|Any CPU.Build.0 = Debug|Any CPU
		{7C9C83ED-444A-4F3A-A201-6D96747390E3}.Release|Any CPU.ActiveCfg = Release|Any CPU
		{7C9C83ED-444A-4F3A-A201-6D96747390E3}.Release|Any CPU.Build.0 = Release|Any CPU
		{1F781CB8-298B-4D74-A974-B29CA1163E74}.Debug|Any CPU.ActiveCfg = Debug|Any CPU
		{1F781CB8-298B-4D74-A974-B29CA1163E74}.Debug|Any CPU.Build.0 = Debug|Any CPU
		{1F781CB8-298B-4D74-A974-B29CA1163E74}.Release|Any CPU.ActiveCfg = Release|Any CPU
		{1F781CB8-298B-4D74-A974-B29CA1163E74}.Release|Any CPU.Build.0 = Release|Any CPU
		{12109AEF-A783-4151-8405-4540FB4F8873}.Debug|Any CPU.ActiveCfg = Debug|Any CPU
		{12109AEF-A783-4151-8405-4540FB4F8873}.Debug|Any CPU.Build.0 = Debug|Any CPU
		{12109AEF-A783-4151-8405-4540FB4F8873}.Release|Any CPU.ActiveCfg = Release|Any CPU
		{12109AEF-A783-4151-8405-4540FB4F8873}.Release|Any CPU.Build.0 = Release|Any CPU
		{11091AB6-34CB-4450-B79C-B5BF743681C6}.Debug|Any CPU.ActiveCfg = Debug|Any CPU
		{11091AB6-34CB-4450-B79C-B5BF743681C6}.Debug|Any CPU.Build.0 = Debug|Any CPU
		{11091AB6-34CB-4450-B79C-B5BF743681C6}.Release|Any CPU.ActiveCfg = Release|Any CPU
		{11091AB6-34CB-4450-B79C-B5BF743681C6}.Release|Any CPU.Build.0 = Release|Any CPU
		{335A03D8-169F-4F51-A7B2-8A7EB782AA4F}.Debug|Any CPU.ActiveCfg = Debug|Any CPU
		{335A03D8-169F-4F51-A7B2-8A7EB782AA4F}.Debug|Any CPU.Build.0 = Debug|Any CPU
		{335A03D8-169F-4F51-A7B2-8A7EB782AA4F}.Release|Any CPU.ActiveCfg = Release|Any CPU
		{335A03D8-169F-4F51-A7B2-8A7EB782AA4F}.Release|Any CPU.Build.0 = Release|Any CPU
		{358FAB2A-8DC9-47CB-955C-86BC6A40A0A7}.Debug|Any CPU.ActiveCfg = Debug|Any CPU
		{358FAB2A-8DC9-47CB-955C-86BC6A40A0A7}.Debug|Any CPU.Build.0 = Debug|Any CPU
		{358FAB2A-8DC9-47CB-955C-86BC6A40A0A7}.Release|Any CPU.ActiveCfg = Release|Any CPU
		{358FAB2A-8DC9-47CB-955C-86BC6A40A0A7}.Release|Any CPU.Build.0 = Release|Any CPU
		{B4AD795B-8878-4D07-817D-66B28D41CED5}.Debug|Any CPU.ActiveCfg = Debug|Any CPU
		{B4AD795B-8878-4D07-817D-66B28D41CED5}.Debug|Any CPU.Build.0 = Debug|Any CPU
		{B4AD795B-8878-4D07-817D-66B28D41CED5}.Release|Any CPU.ActiveCfg = Release|Any CPU
		{B4AD795B-8878-4D07-817D-66B28D41CED5}.Release|Any CPU.Build.0 = Release|Any CPU
	EndGlobalSection
	GlobalSection(SolutionProperties) = preSolution
		HideSolutionNode = FALSE
	EndGlobalSection
	GlobalSection(NestedProjects) = preSolution
		{74526B9E-33E6-4491-9DB2-311173EB8BCA} = {A4782F2A-17A6-4D65-A826-7AAC199E72E6}
		{9FAE9C78-FFFF-4738-A33C-C616A5ECCF65} = {A4782F2A-17A6-4D65-A826-7AAC199E72E6}
		{2DBDA14D-796D-406E-A778-0111B6372F60} = {A4782F2A-17A6-4D65-A826-7AAC199E72E6}
		{7C9C83ED-444A-4F3A-A201-6D96747390E3} = {F1A90F40-9C7B-43DA-8A7F-18B1618FF3AB}
		{1F781CB8-298B-4D74-A974-B29CA1163E74} = {F1A90F40-9C7B-43DA-8A7F-18B1618FF3AB}
		{12109AEF-A783-4151-8405-4540FB4F8873} = {F1A90F40-9C7B-43DA-8A7F-18B1618FF3AB}
		{11091AB6-34CB-4450-B79C-B5BF743681C6} = {F1A90F40-9C7B-43DA-8A7F-18B1618FF3AB}
		{335A03D8-169F-4F51-A7B2-8A7EB782AA4F} = {F1A90F40-9C7B-43DA-8A7F-18B1618FF3AB}
		{358FAB2A-8DC9-47CB-955C-86BC6A40A0A7} = {A4782F2A-17A6-4D65-A826-7AAC199E72E6}
		{B4AD795B-8878-4D07-817D-66B28D41CED5} = {A4782F2A-17A6-4D65-A826-7AAC199E72E6}
	EndGlobalSection
EndGlobal
